{
  "originHash" : "6476041fb5e813d977a963e695ba21e0acc14de27a397c7cfbc608f207f7b65e",
  "pins" : [
    {
      "identity" : "hfskit",
      "kind" : "remoteSourceControl",
      "location" : "https://github.com/davecom/HFSKit",
      "state" : {
        "branch" : "main",
        "revision" : "c377fe3e46271222ba927dfbf9651af4cba8ad0c"
      }
    }
  ],
  "version" : 3
}
